
Microsoft Visual Studio Solution File, Format Version 12.00
# Visual Studio Version 17
VisualStudioVersion = 17.6.33829.357
MinimumVisualStudioVersion = 10.0.40219.1
Project("{9A19103F-16F7-4668-BE54-9A1E7A4F7556}") = "CSharpAPI", "CSharpAPI.csproj", "{56A1269F-3928-4367-84BE-0EA2877DFED1}"
EndProject
Global
	GlobalSection(SolutionConfigurationPlatforms) = preSolution
		Debug|Any CPU = Debug|Any CPU
		Release|Any CPU = Release|Any CPU
	EndGlobalSection
	GlobalSection(ProjectConfigurationPlatforms) = postSolution
		{56A1269F-3928-4367-84BE-0EA2877DFED1}.Debug|Any CPU.ActiveCfg = Debug|Any CPU
		{56A1269F-3928-4367-84BE-0EA2877DFED1}.Debug|Any CPU.Build.0 = Debug|Any CPU
		{56A1269F-3928-4367-84BE-0EA2877DFED1}.Release|Any CPU.ActiveCfg = Release|Any CPU
		{56A1269F-3928-4367-84BE-0EA2877DFED1}.Release|Any CPU.Build.0 = Release|Any CPU
	EndGlobalSection
	GlobalSection(SolutionProperties) = preSolution
		HideSolutionNode = FALSE
	EndGlobalSection
	GlobalSection(ExtensibilityGlobals) = postSolution
		SolutionGuid = {79883B4A-4EAE-42DE-A72B-7B6D47685E9A}
	EndGlobalSection
EndGlobal
