# This is a Gradle generated file for dependency locking.
# Manual edits can break the build and are not advised.
# This file is expected to be part of source control.
androidx.activity:activity:1.8.0=debugAndroidTestCompileClasspath,debugAndroidTestRuntimeClasspath,debugCompileClasspath,debugLintChecksClasspath,debugRuntimeClasspath,debugUnitTestCompileClasspath,debugUnitTestRuntimeClasspath,releaseCompileClasspath,releaseLintChecksClasspath,releaseRuntimeClasspath,releaseUnitTestCompileClasspath,releaseUnitTestRuntimeClasspath
androidx.annotation:annotation-experimental:1.4.1=debugAndroidTestCompileClasspath,debugAndroidTestRuntimeClasspath,debugCompileClasspath,debugLintChecksClasspath,debugRuntimeClasspath,debugUnitTestCompileClasspath,debugUnitTestRuntimeClasspath,releaseCompileClasspath,releaseLintChecksClasspath,releaseRuntimeClasspath,releaseUnitTestCompileClasspath,releaseUnitTestRuntimeClasspath
androidx.annotation:annotation-jvm:1.8.1=debugAndroidTestCompileClasspath,debugAndroidTestRuntimeClasspath,debugCompileClasspath,debugLintChecksClasspath,debugRuntimeClasspath,debugUnitTestCompileClasspath,debugUnitTestRuntimeClasspath,releaseCompileClasspath,releaseLintChecksClasspath,releaseRuntimeClasspath,releaseUnitTestCompileClasspath,releaseUnitTestRuntimeClasspath
androidx.annotation:annotation:1.8.1=debugAndroidTestCompileClasspath,debugAndroidTestRuntimeClasspath,debugCompileClasspath,debugLintChecksClasspath,debugRuntimeClasspath,debugUnitTestCompileClasspath,debugUnitTestRuntimeClasspath,releaseCompileClasspath,releaseLintChecksClasspath,releaseRuntimeClasspath,releaseUnitTestCompileClasspath,releaseUnitTestRuntimeClasspath
androidx.appcompat:appcompat-resources:1.6.1=releaseUnitTestCompileClasspath,releaseUnitTestRuntimeClasspath
androidx.appcompat:appcompat-resources:1.7.1=debugAndroidTestCompileClasspath,debugAndroidTestRuntimeClasspath,debugCompileClasspath,debugLintChecksClasspath,debugRuntimeClasspath,debugUnitTestCompileClasspath,debugUnitTestRuntimeClasspath,releaseCompileClasspath,releaseLintChecksClasspath,releaseRuntimeClasspath
androidx.appcompat:appcompat:1.6.1=releaseUnitTestCompileClasspath,releaseUnitTestRuntimeClasspath
androidx.appcompat:appcompat:1.7.1=debugAndroidTestCompileClasspath,debugAndroidTestRuntimeClasspath,debugCompileClasspath,debugLintChecksClasspath,debugRuntimeClasspath,debugUnitTestCompileClasspath,debugUnitTestRuntimeClasspath,releaseCompileClasspath,releaseLintChecksClasspath,releaseRuntimeClasspath
androidx.arch.core:core-common:2.2.0=debugAndroidTestCompileClasspath,debugAndroidTestRuntimeClasspath,debugCompileClasspath,debugLintChecksClasspath,debugRuntimeClasspath,debugUnitTestCompileClasspath,debugUnitTestRuntimeClasspath,releaseCompileClasspath,releaseLintChecksClasspath,releaseRuntimeClasspath,releaseUnitTestCompileClasspath,releaseUnitTestRuntimeClasspath
androidx.arch.core:core-runtime:2.1.0=debugAndroidTestCompileClasspath,debugCompileClasspath,debugUnitTestCompileClasspath,releaseCompileClasspath
androidx.arch.core:core-runtime:2.2.0=debugAndroidTestRuntimeClasspath,debugLintChecksClasspath,debugRuntimeClasspath,debugUnitTestRuntimeClasspath,releaseLintChecksClasspath,releaseRuntimeClasspath,releaseUnitTestCompileClasspath,releaseUnitTestRuntimeClasspath
androidx.cardview:cardview:1.0.0=debugAndroidTestCompileClasspath,debugAndroidTestRuntimeClasspath,debugCompileClasspath,debugLintChecksClasspath,debugRuntimeClasspath,debugUnitTestCompileClasspath,debugUnitTestRuntimeClasspath,releaseCompileClasspath,releaseLintChecksClasspath,releaseRuntimeClasspath,releaseUnitTestCompileClasspath,releaseUnitTestRuntimeClasspath
androidx.collection:collection-jvm:1.4.2=debugAndroidTestRuntimeClasspath,debugLintChecksClasspath,debugRuntimeClasspath,debugUnitTestRuntimeClasspath,releaseLintChecksClasspath,releaseRuntimeClasspath,releaseUnitTestCompileClasspath,releaseUnitTestRuntimeClasspath
androidx.collection:collection:1.1.0=debugAndroidTestCompileClasspath,debugCompileClasspath,debugUnitTestCompileClasspath,releaseCompileClasspath
androidx.collection:collection:1.4.2=debugAndroidTestRuntimeClasspath,debugLintChecksClasspath,debugRuntimeClasspath,debugUnitTestRuntimeClasspath,releaseLintChecksClasspath,releaseRuntimeClasspath,releaseUnitTestCompileClasspath,releaseUnitTestRuntimeClasspath
androidx.concurrent:concurrent-futures-ktx:1.2.0=debugAndroidTestCompileClasspath,debugAndroidTestRuntimeClasspath
androidx.concurrent:concurrent-futures:1.1.0=debugLintChecksClasspath,debugRuntimeClasspath,debugUnitTestRuntimeClasspath,releaseLintChecksClasspath,releaseRuntimeClasspath,releaseUnitTestRuntimeClasspath
androidx.concurrent:concurrent-futures:1.2.0=debugAndroidTestCompileClasspath,debugAndroidTestRuntimeClasspath
androidx.constraintlayout:constraintlayout-core:1.0.0=debugAndroidTestRuntimeClasspath,debugLintChecksClasspath,debugRuntimeClasspath,debugUnitTestRuntimeClasspath,releaseLintChecksClasspath,releaseRuntimeClasspath
androidx.constraintlayout:constraintlayout-solver:2.0.1=releaseUnitTestCompileClasspath,releaseUnitTestRuntimeClasspath
androidx.constraintlayout:constraintlayout:2.0.1=releaseUnitTestCompileClasspath,releaseUnitTestRuntimeClasspath
androidx.constraintlayout:constraintlayout:2.1.0=debugAndroidTestCompileClasspath,debugAndroidTestRuntimeClasspath,debugCompileClasspath,debugLintChecksClasspath,debugRuntimeClasspath,debugUnitTestCompileClasspath,debugUnitTestRuntimeClasspath,releaseCompileClasspath,releaseLintChecksClasspath,releaseRuntimeClasspath
androidx.coordinatorlayout:coordinatorlayout:1.1.0=debugAndroidTestCompileClasspath,debugAndroidTestRuntimeClasspath,debugCompileClasspath,debugLintChecksClasspath,debugRuntimeClasspath,debugUnitTestCompileClasspath,debugUnitTestRuntimeClasspath,releaseCompileClasspath,releaseLintChecksClasspath,releaseRuntimeClasspath,releaseUnitTestCompileClasspath,releaseUnitTestRuntimeClasspath
androidx.core:core-ktx:1.17.0=releaseUnitTestCompileClasspath,releaseUnitTestRuntimeClasspath
androidx.core:core-ktx:1.18.0=debugAndroidTestCompileClasspath,debugAndroidTestRuntimeClasspath,debugCompileClasspath,debugLintChecksClasspath,debugRuntimeClasspath,debugUnitTestCompileClasspath,debugUnitTestRuntimeClasspath,releaseCompileClasspath,releaseLintChecksClasspath,releaseRuntimeClasspath
androidx.core:core-viewtree:1.0.0=debugAndroidTestCompileClasspath,debugAndroidTestRuntimeClasspath,debugCompileClasspath,debugLintChecksClasspath,debugRuntimeClasspath,debugUnitTestCompileClasspath,debugUnitTestRuntimeClasspath,releaseCompileClasspath,releaseLintChecksClasspath,releaseRuntimeClasspath,releaseUnitTestCompileClasspath,releaseUnitTestRuntimeClasspath
androidx.core:core:1.17.0=releaseUnitTestCompileClasspath,releaseUnitTestRuntimeClasspath
androidx.core:core:1.18.0=debugAndroidTestCompileClasspath,debugAndroidTestRuntimeClasspath,debugCompileClasspath,debugLintChecksClasspath,debugRuntimeClasspath,debugUnitTestCompileClasspath,debugUnitTestRuntimeClasspath,releaseCompileClasspath,releaseLintChecksClasspath,releaseRuntimeClasspath
androidx.cursoradapter:cursoradapter:1.0.0=debugAndroidTestCompileClasspath,debugAndroidTestRuntimeClasspath,debugCompileClasspath,debugLintChecksClasspath,debugRuntimeClasspath,debugUnitTestCompileClasspath,debugUnitTestRuntimeClasspath,releaseCompileClasspath,releaseLintChecksClasspath,releaseRuntimeClasspath,releaseUnitTestCompileClasspath,releaseUnitTestRuntimeClasspath
androidx.customview:customview:1.1.0=debugAndroidTestCompileClasspath,debugAndroidTestRuntimeClasspath,debugCompileClasspath,debugLintChecksClasspath,debugRuntimeClasspath,debugUnitTestCompileClasspath,debugUnitTestRuntimeClasspath,releaseCompileClasspath,releaseLintChecksClasspath,releaseRuntimeClasspath,releaseUnitTestCompileClasspath,releaseUnitTestRuntimeClasspath
androidx.documentfile:documentfile:1.0.0=releaseUnitTestCompileClasspath,releaseUnitTestRuntimeClasspath
androidx.drawerlayout:drawerlayout:1.1.1=debugAndroidTestCompileClasspath,debugAndroidTestRuntimeClasspath,debugCompileClasspath,debugLintChecksClasspath,debugRuntimeClasspath,debugUnitTestCompileClasspath,debugUnitTestRuntimeClasspath,releaseCompileClasspath,releaseLintChecksClasspath,releaseRuntimeClasspath,releaseUnitTestCompileClasspath,releaseUnitTestRuntimeClasspath
androidx.dynamicanimation:dynamicanimation:1.0.0=releaseUnitTestCompileClasspath,releaseUnitTestRuntimeClasspath
androidx.dynamicanimation:dynamicanimation:1.1.0=debugAndroidTestCompileClasspath,debugAndroidTestRuntimeClasspath,debugCompileClasspath,debugLintChecksClasspath,debugRuntimeClasspath,debugUnitTestCompileClasspath,debugUnitTestRuntimeClasspath,releaseCompileClasspath,releaseLintChecksClasspath,releaseRuntimeClasspath
androidx.emoji2:emoji2-views-helper:1.2.0=releaseUnitTestRuntimeClasspath
androidx.emoji2:emoji2-views-helper:1.3.0=debugAndroidTestRuntimeClasspath,debugLintChecksClasspath,debugRuntimeClasspath,debugUnitTestRuntimeClasspath,releaseLintChecksClasspath,releaseRuntimeClasspath
androidx.emoji2:emoji2:1.2.0=releaseUnitTestRuntimeClasspath
androidx.emoji2:emoji2:1.3.0=debugAndroidTestRuntimeClasspath,debugLintChecksClasspath,debugRuntimeClasspath,debugUnitTestRuntimeClasspath,releaseLintChecksClasspath,releaseRuntimeClasspath
androidx.fragment:fragment:1.3.6=releaseUnitTestCompileClasspath,releaseUnitTestRuntimeClasspath
androidx.fragment:fragment:1.5.4=debugAndroidTestCompileClasspath,debugAndroidTestRuntimeClasspath,debugCompileClasspath,debugLintChecksClasspath,debugRuntimeClasspath,debugUnitTestCompileClasspath,debugUnitTestRuntimeClasspath,releaseCompileClasspath,releaseLintChecksClasspath,releaseRuntimeClasspath
androidx.graphics:graphics-shapes-android:1.0.1=debugAndroidTestCompileClasspath,debugAndroidTestRuntimeClasspath,debugCompileClasspath,debugRuntimeClasspath,debugUnitTestCompileClasspath,debugUnitTestRuntimeClasspath,releaseCompileClasspath,releaseRuntimeClasspath
androidx.graphics:graphics-shapes-desktop:1.0.1=debugLintChecksClasspath,releaseLintChecksClasspath
androidx.graphics:graphics-shapes:1.0.1=debugAndroidTestCompileClasspath,debugAndroidTestRuntimeClasspath,debugCompileClasspath,debugLintChecksClasspath,debugRuntimeClasspath,debugUnitTestCompileClasspath,debugUnitTestRuntimeClasspath,releaseCompileClasspath,releaseLintChecksClasspath,releaseRuntimeClasspath
androidx.interpolator:interpolator:1.0.0=debugAndroidTestCompileClasspath,debugAndroidTestRuntimeClasspath,debugCompileClasspath,debugLintChecksClasspath,debugRuntimeClasspath,debugUnitTestCompileClasspath,debugUnitTestRuntimeClasspath,releaseCompileClasspath,releaseLintChecksClasspath,releaseRuntimeClasspath,releaseUnitTestCompileClasspath,releaseUnitTestRuntimeClasspath
androidx.legacy:legacy-support-core-utils:1.0.0=releaseUnitTestCompileClasspath,releaseUnitTestRuntimeClasspath
androidx.lifecycle:lifecycle-common:2.6.2=debugAndroidTestCompileClasspath,debugAndroidTestRuntimeClasspath,debugCompileClasspath,debugLintChecksClasspath,debugRuntimeClasspath,debugUnitTestCompileClasspath,debugUnitTestRuntimeClasspath,releaseCompileClasspath,releaseLintChecksClasspath,releaseRuntimeClasspath,releaseUnitTestCompileClasspath,releaseUnitTestRuntimeClasspath
androidx.lifecycle:lifecycle-livedata-core:2.6.2=debugAndroidTestCompileClasspath,debugAndroidTestRuntimeClasspath,debugCompileClasspath,debugLintChecksClasspath,debugRuntimeClasspath,debugUnitTestCompileClasspath,debugUnitTestRuntimeClasspath,releaseCompileClasspath,releaseLintChecksClasspath,releaseRuntimeClasspath,releaseUnitTestCompileClasspath,releaseUnitTestRuntimeClasspath
androidx.lifecycle:lifecycle-livedata:2.6.2=debugAndroidTestCompileClasspath,debugAndroidTestRuntimeClasspath,debugCompileClasspath,debugLintChecksClasspath,debugRuntimeClasspath,debugUnitTestCompileClasspath,debugUnitTestRuntimeClasspath,releaseCompileClasspath,releaseLintChecksClasspath,releaseRuntimeClasspath,releaseUnitTestCompileClasspath,releaseUnitTestRuntimeClasspath
androidx.lifecycle:lifecycle-process:2.6.2=debugAndroidTestRuntimeClasspath,debugLintChecksClasspath,debugRuntimeClasspath,debugUnitTestRuntimeClasspath,releaseLintChecksClasspath,releaseRuntimeClasspath,releaseUnitTestRuntimeClasspath
androidx.lifecycle:lifecycle-runtime:2.6.2=debugAndroidTestCompileClasspath,debugAndroidTestRuntimeClasspath,debugCompileClasspath,debugLintChecksClasspath,debugRuntimeClasspath,debugUnitTestCompileClasspath,debugUnitTestRuntimeClasspath,releaseCompileClasspath,releaseLintChecksClasspath,releaseRuntimeClasspath,releaseUnitTestCompileClasspath,releaseUnitTestRuntimeClasspath
androidx.lifecycle:lifecycle-viewmodel-savedstate:2.6.2=debugAndroidTestCompileClasspath,debugAndroidTestRuntimeClasspath,debugCompileClasspath,debugLintChecksClasspath,debugRuntimeClasspath,debugUnitTestCompileClasspath,debugUnitTestRuntimeClasspath,releaseCompileClasspath,releaseLintChecksClasspath,releaseRuntimeClasspath,releaseUnitTestCompileClasspath,releaseUnitTestRuntimeClasspath
androidx.lifecycle:lifecycle-viewmodel:2.6.2=debugAndroidTestCompileClasspath,debugAndroidTestRuntimeClasspath,debugCompileClasspath,debugLintChecksClasspath,debugRuntimeClasspath,debugUnitTestCompileClasspath,debugUnitTestRuntimeClasspath,releaseCompileClasspath,releaseLintChecksClasspath,releaseRuntimeClasspath,releaseUnitTestCompileClasspath,releaseUnitTestRuntimeClasspath
androidx.loader:loader:1.0.0=debugAndroidTestCompileClasspath,debugAndroidTestRuntimeClasspath,debugCompileClasspath,debugLintChecksClasspath,debugRuntimeClasspath,debugUnitTestCompileClasspath,debugUnitTestRuntimeClasspath,releaseCompileClasspath,releaseLintChecksClasspath,releaseRuntimeClasspath,releaseUnitTestCompileClasspath,releaseUnitTestRuntimeClasspath
androidx.localbroadcastmanager:localbroadcastmanager:1.0.0=releaseUnitTestCompileClasspath,releaseUnitTestRuntimeClasspath
androidx.print:print:1.0.0=releaseUnitTestCompileClasspath,releaseUnitTestRuntimeClasspath
androidx.profileinstaller:profileinstaller:1.3.0=releaseUnitTestRuntimeClasspath
androidx.profileinstaller:profileinstaller:1.3.1=debugAndroidTestRuntimeClasspath,debugLintChecksClasspath,debugRuntimeClasspath,debugUnitTestRuntimeClasspath,releaseLintChecksClasspath,releaseRuntimeClasspath
androidx.recyclerview:recyclerview:1.1.0=releaseUnitTestCompileClasspath,releaseUnitTestRuntimeClasspath
androidx.recyclerview:recyclerview:1.2.1=debugAndroidTestCompileClasspath,debugAndroidTestRuntimeClasspath,debugCompileClasspath,debugLintChecksClasspath,debugRuntimeClasspath,debugUnitTestCompileClasspath,debugUnitTestRuntimeClasspath,releaseCompileClasspath,releaseLintChecksClasspath,releaseRuntimeClasspath
androidx.resourceinspection:resourceinspection-annotation:1.0.1=debugAndroidTestCompileClasspath,debugAndroidTestRuntimeClasspath,debugCompileClasspath,debugLintChecksClasspath,debugRuntimeClasspath,debugUnitTestCompileClasspath,debugUnitTestRuntimeClasspath,releaseCompileClasspath,releaseLintChecksClasspath,releaseRuntimeClasspath,releaseUnitTestCompileClasspath,releaseUnitTestRuntimeClasspath
androidx.savedstate:savedstate:1.2.1=debugAndroidTestCompileClasspath,debugAndroidTestRuntimeClasspath,debugCompileClasspath,debugLintChecksClasspath,debugRuntimeClasspath,debugUnitTestCompileClasspath,debugUnitTestRuntimeClasspath,releaseCompileClasspath,releaseLintChecksClasspath,releaseRuntimeClasspath,releaseUnitTestCompileClasspath,releaseUnitTestRuntimeClasspath
androidx.startup:startup-runtime:1.1.1=debugAndroidTestRuntimeClasspath,debugLintChecksClasspath,debugRuntimeClasspath,debugUnitTestRuntimeClasspath,releaseLintChecksClasspath,releaseRuntimeClasspath,releaseUnitTestRuntimeClasspath
androidx.test.espresso:espresso-core:3.7.0=debugAndroidTestCompileClasspath,debugAndroidTestRuntimeClasspath
androidx.test.espresso:espresso-idling-resource:3.7.0=debugAndroidTestCompileClasspath,debugAndroidTestRuntimeClasspath
androidx.test.ext:junit:1.3.0=debugAndroidTestCompileClasspath,debugAndroidTestRuntimeClasspath
androidx.test.services:storage:1.6.0=debugAndroidTestCompileClasspath,debugAndroidTestRuntimeClasspath
androidx.test:core:1.7.0=debugAndroidTestCompileClasspath,debugAndroidTestRuntimeClasspath
androidx.test:monitor:1.8.0=debugAndroidTestCompileClasspath,debugAndroidTestRuntimeClasspath
androidx.test:runner:1.7.0=debugAndroidTestCompileClasspath,debugAndroidTestRuntimeClasspath
androidx.tracing:tracing:1.1.0=debugAndroidTestCompileClasspath
androidx.tracing:tracing:1.2.0=debugAndroidTestRuntimeClasspath,debugLintChecksClasspath,debugRuntimeClasspath,debugUnitTestRuntimeClasspath,releaseLintChecksClasspath,releaseRuntimeClasspath,releaseUnitTestRuntimeClasspath
androidx.transition:transition:1.2.0=releaseUnitTestCompileClasspath,releaseUnitTestRuntimeClasspath
androidx.transition:transition:1.5.0=debugAndroidTestCompileClasspath,debugAndroidTestRuntimeClasspath,debugCompileClasspath,debugLintChecksClasspath,debugRuntimeClasspath,debugUnitTestCompileClasspath,debugUnitTestRuntimeClasspath,releaseCompileClasspath,releaseLintChecksClasspath,releaseRuntimeClasspath
androidx.vectordrawable:vectordrawable-animated:1.1.0=debugAndroidTestCompileClasspath,debugAndroidTestRuntimeClasspath,debugCompileClasspath,debugLintChecksClasspath,debugRuntimeClasspath,debugUnitTestCompileClasspath,debugUnitTestRuntimeClasspath,releaseCompileClasspath,releaseLintChecksClasspath,releaseRuntimeClasspath,releaseUnitTestCompileClasspath,releaseUnitTestRuntimeClasspath
androidx.vectordrawable:vectordrawable:1.1.0=debugAndroidTestCompileClasspath,debugAndroidTestRuntimeClasspath,debugCompileClasspath,debugLintChecksClasspath,debugRuntimeClasspath,debugUnitTestCompileClasspath,debugUnitTestRuntimeClasspath,releaseCompileClasspath,releaseLintChecksClasspath,releaseRuntimeClasspath,releaseUnitTestCompileClasspath,releaseUnitTestRuntimeClasspath
androidx.versionedparcelable:versionedparcelable:1.1.1=debugAndroidTestCompileClasspath,debugAndroidTestRuntimeClasspath,debugCompileClasspath,debugLintChecksClasspath,debugRuntimeClasspath,debugUnitTestCompileClasspath,debugUnitTestRuntimeClasspath,releaseCompileClasspath,releaseLintChecksClasspath,releaseRuntimeClasspath,releaseUnitTestCompileClasspath,releaseUnitTestRuntimeClasspath
androidx.viewpager2:viewpager2:1.0.0=debugAndroidTestCompileClasspath,debugAndroidTestRuntimeClasspath,debugCompileClasspath,debugLintChecksClasspath,debugRuntimeClasspath,debugUnitTestCompileClasspath,debugUnitTestRuntimeClasspath,releaseCompileClasspath,releaseLintChecksClasspath,releaseRuntimeClasspath,releaseUnitTestCompileClasspath,releaseUnitTestRuntimeClasspath
androidx.viewpager:viewpager:1.0.0=debugAndroidTestCompileClasspath,debugAndroidTestRuntimeClasspath,debugCompileClasspath,debugLintChecksClasspath,debugRuntimeClasspath,debugUnitTestCompileClasspath,debugUnitTestRuntimeClasspath,releaseCompileClasspath,releaseLintChecksClasspath,releaseRuntimeClasspath,releaseUnitTestCompileClasspath,releaseUnitTestRuntimeClasspath
ch.qos.logback:logback-classic:1.3.14=ktlint
ch.qos.logback:logback-core:1.3.14=ktlint
com.android.tools.analytics-library:protos:32.2.0=androidLintTool
com.android.tools.analytics-library:shared:32.2.0=androidLintTool
com.android.tools.analytics-library:tracker:32.2.0=androidLintTool
com.android.tools.build:aapt2-proto:9.2.0-15009934=androidLintTool
com.android.tools.build:builder-model:9.2.0=androidLintTool
com.android.tools.build:manifest-merger:32.2.0=androidLintTool
com.android.tools.ddms:ddmlib:32.2.0=androidLintTool
com.android.tools.external.com-intellij:intellij-core:32.2.0=androidLintTool
com.android.tools.external.com-intellij:kotlin-compiler:32.2.0=androidLintTool
com.android.tools.external.org-jetbrains:uast:32.2.0=androidLintTool
com.android.tools.layoutlib:layoutlib-api:32.2.0=androidLintTool
com.android.tools.lint:lint-api:32.2.0=androidLintTool
com.android.tools.lint:lint-checks:32.2.0=androidLintTool
com.android.tools.lint:lint-gradle:32.2.0=androidLintTool
com.android.tools.lint:lint-model:32.2.0=androidLintTool
com.android.tools.lint:lint-typedef-remover:32.2.0=androidLintTool
com.android.tools.lint:lint:32.2.0=androidLintTool
com.android.tools:annotations:32.2.0=androidLintTool
com.android.tools:common:32.2.0=androidLintTool
com.android.tools:dvlib:32.2.0=androidLintTool
com.android.tools:play-sdk-proto:32.2.0=androidLintTool
com.android.tools:repository:32.2.0=androidLintTool
com.android.tools:sdk-common:32.2.0=androidLintTool
com.android.tools:sdklib:32.2.0=androidLintTool
com.github.ajalt.clikt:clikt-jvm:5.0.2=ktlint
com.github.ajalt.clikt:clikt:5.0.2=ktlint
com.google.android.material:material:1.10.0=releaseUnitTestCompileClasspath,releaseUnitTestRuntimeClasspath
com.google.android.material:material:1.13.0=debugAndroidTestCompileClasspath,debugAndroidTestRuntimeClasspath,debugCompileClasspath,debugLintChecksClasspath,debugRuntimeClasspath,debugUnitTestCompileClasspath,debugUnitTestRuntimeClasspath,releaseCompileClasspath,releaseLintChecksClasspath,releaseRuntimeClasspath
com.google.code.findbugs:jsr305:3.0.2=androidLintTool,debugAndroidTestCompileClasspath,debugAndroidTestRuntimeClasspath
com.google.code.gson:gson:2.11.0=androidLintTool
com.google.errorprone:error_prone_annotations:2.15.0=debugLintChecksClasspath,debugRuntimeClasspath,debugUnitTestRuntimeClasspath,releaseLintChecksClasspath,releaseRuntimeClasspath,releaseUnitTestRuntimeClasspath
com.google.errorprone:error_prone_annotations:2.28.0=androidLintTool
com.google.errorprone:error_prone_annotations:2.30.0=debugAndroidTestCompileClasspath,debugAndroidTestRuntimeClasspath
com.google.guava:failureaccess:1.0.2=androidLintTool
com.google.guava:guava:33.3.1-jre=androidLintTool
com.google.guava:listenablefuture:1.0=debugAndroidTestCompileClasspath,debugAndroidTestRuntimeClasspath,debugCompileClasspath,debugLintChecksClasspath,debugRuntimeClasspath,debugUnitTestCompileClasspath,debugUnitTestRuntimeClasspath,releaseCompileClasspath,releaseLintChecksClasspath,releaseRuntimeClasspath,releaseUnitTestCompileClasspath,releaseUnitTestRuntimeClasspath
com.google.guava:listenablefuture:9999.0-empty-to-avoid-conflict-with-guava=androidLintTool
com.google.j2objc:j2objc-annotations:3.0.0=androidLintTool
com.google.jimfs:jimfs:1.1=androidLintTool
com.google.protobuf:protobuf-java:3.25.5=androidLintTool
com.pinterest.ktlint:ktlint-cli-reporter-baseline:1.5.0=ktlint
com.pinterest.ktlint:ktlint-cli-reporter-checkstyle:1.5.0=ktlint
com.pinterest.ktlint:ktlint-cli-reporter-core:1.5.0=ktlint
com.pinterest.ktlint:ktlint-cli-reporter-format:1.5.0=ktlint
com.pinterest.ktlint:ktlint-cli-reporter-html:1.5.0=ktlint
com.pinterest.ktlint:ktlint-cli-reporter-json:1.5.0=ktlint
com.pinterest.ktlint:ktlint-cli-reporter-plain-summary:1.5.0=ktlint
com.pinterest.ktlint:ktlint-cli-reporter-plain:1.5.0=ktlint
com.pinterest.ktlint:ktlint-cli-reporter-sarif:1.5.0=ktlint
com.pinterest.ktlint:ktlint-cli-ruleset-core:1.5.0=ktlint,ktlintRuleset
com.pinterest.ktlint:ktlint-cli:1.5.0=ktlint
com.pinterest.ktlint:ktlint-logger:1.5.0=ktlint,ktlintRuleset
com.pinterest.ktlint:ktlint-rule-engine-core:1.5.0=ktlint,ktlintRuleset
com.pinterest.ktlint:ktlint-rule-engine:1.5.0=ktlint
com.pinterest.ktlint:ktlint-ruleset-standard:1.5.0=ktlint,ktlintRuleset
com.sun.istack:istack-commons-runtime:3.0.8=androidLintTool
com.sun.xml.fastinfoset:FastInfoset:1.2.16=androidLintTool
commons-codec:commons-codec:1.17.1=androidLintTool
commons-io:commons-io:2.16.1=androidLintTool
commons-logging:commons-logging:1.2=androidLintTool
dev.drewhamilton.poko:poko-annotations-jvm:0.17.1=detekt
dev.drewhamilton.poko:poko-annotations-jvm:0.18.0=ktlint,ktlintRuleset
dev.drewhamilton.poko:poko-annotations:0.17.1=detekt
dev.drewhamilton.poko:poko-annotations:0.18.0=ktlint,ktlintRuleset
io.github.davidburstrom.contester:contester-breakpoint:0.2.0=detekt
io.github.detekt.sarif4k:sarif4k-jvm:0.6.0=detekt,ktlint,ktlintReporter
io.github.detekt.sarif4k:sarif4k:0.6.0=detekt,ktlint,ktlintReporter
io.github.oshai:kotlin-logging-jvm:7.0.3=ktlint,ktlintReporter,ktlintRuleset
io.github.oshai:kotlin-logging:5.1.0=ktlint,ktlintReporter
io.gitlab.arturbosch.detekt:detekt-api:1.23.8=detekt
io.gitlab.arturbosch.detekt:detekt-cli:1.23.8=detekt
io.gitlab.arturbosch.detekt:detekt-core:1.23.8=detekt
io.gitlab.arturbosch.detekt:detekt-metrics:1.23.8=detekt
io.gitlab.arturbosch.detekt:detekt-parser:1.23.8=detekt
io.gitlab.arturbosch.detekt:detekt-psi-utils:1.23.8=detekt
io.gitlab.arturbosch.detekt:detekt-report-html:1.23.8=detekt
io.gitlab.arturbosch.detekt:detekt-report-md:1.23.8=detekt
io.gitlab.arturbosch.detekt:detekt-report-sarif:1.23.8=detekt
io.gitlab.arturbosch.detekt:detekt-report-txt:1.23.8=detekt
io.gitlab.arturbosch.detekt:detekt-report-xml:1.23.8=detekt
io.gitlab.arturbosch.detekt:detekt-rules-complexity:1.23.8=detekt
io.gitlab.arturbosch.detekt:detekt-rules-coroutines:1.23.8=detekt
io.gitlab.arturbosch.detekt:detekt-rules-documentation:1.23.8=detekt
io.gitlab.arturbosch.detekt:detekt-rules-empty:1.23.8=detekt
io.gitlab.arturbosch.detekt:detekt-rules-errorprone:1.23.8=detekt
io.gitlab.arturbosch.detekt:detekt-rules-exceptions:1.23.8=detekt
io.gitlab.arturbosch.detekt:detekt-rules-naming:1.23.8=detekt
io.gitlab.arturbosch.detekt:detekt-rules-performance:1.23.8=detekt
io.gitlab.arturbosch.detekt:detekt-rules-style:1.23.8=detekt
io.gitlab.arturbosch.detekt:detekt-rules:1.23.8=detekt
io.gitlab.arturbosch.detekt:detekt-tooling:1.23.8=detekt
io.gitlab.arturbosch.detekt:detekt-utils:1.23.8=detekt
jakarta.activation:jakarta.activation-api:1.2.1=androidLintTool
jakarta.xml.bind:jakarta.xml.bind-api:2.3.2=androidLintTool
javax.inject:javax.inject:1=androidLintTool,debugAndroidTestCompileClasspath,debugAndroidTestRuntimeClasspath
junit:junit:4.13.2=debugAndroidTestCompileClasspath,debugAndroidTestRuntimeClasspath,debugUnitTestCompileClasspath,debugUnitTestRuntimeClasspath,releaseUnitTestCompileClasspath,releaseUnitTestRuntimeClasspath
net.java.dev.jna:jna-platform:5.6.0=androidLintTool
net.java.dev.jna:jna:5.6.0=androidLintTool
net.sf.kxml:kxml2:2.3.0=androidLintTool
org.apache.commons:commons-compress:1.27.1=androidLintTool
org.apache.commons:commons-lang3:3.16.0=androidLintTool
org.apache.httpcomponents:httpclient:4.5.6=androidLintTool
org.apache.httpcomponents:httpcore:4.4.16=androidLintTool
org.apache.httpcomponents:httpmime:4.5.6=androidLintTool
org.bouncycastle:bcpkix-jdk18on:1.79=androidLintTool
org.bouncycastle:bcprov-jdk18on:1.79=androidLintTool
org.bouncycastle:bcutil-jdk18on:1.79=androidLintTool
org.checkerframework:checker-qual:3.43.0=androidLintTool
org.codehaus.groovy:groovy:3.0.22=androidLintTool
org.ec4j.core:ec4j-core:1.1.0=ktlint,ktlintRuleset
org.glassfish.jaxb:jaxb-runtime:2.3.2=androidLintTool
org.glassfish.jaxb:txw2:2.3.2=androidLintTool
org.hamcrest:hamcrest-core:1.3=debugAndroidTestCompileClasspath,debugAndroidTestRuntimeClasspath,debugUnitTestCompileClasspath,debugUnitTestRuntimeClasspath,releaseUnitTestCompileClasspath,releaseUnitTestRuntimeClasspath
org.hamcrest:hamcrest-library:1.3=debugAndroidTestCompileClasspath,debugAndroidTestRuntimeClasspath
org.jcommander:jcommander:1.85=detekt
org.jetbrains.intellij.deps:trove4j:1.0.20200330=detekt,kotlinCompilerClasspath,ktlint,ktlintRuleset
org.jetbrains.kotlin:kotlin-bom:1.8.22=debugAndroidTestRuntimeClasspath,debugLintChecksClasspath,debugRuntimeClasspath,debugUnitTestRuntimeClasspath,releaseLintChecksClasspath,releaseRuntimeClasspath,releaseUnitTestRuntimeClasspath
org.jetbrains.kotlin:kotlin-build-tools-api:2.3.21=kotlinBuildToolsApiClasspath
org.jetbrains.kotlin:kotlin-build-tools-compat:2.3.21=kotlinBuildToolsApiClasspath
org.jetbrains.kotlin:kotlin-build-tools-cri-impl:2.3.21=kotlinBuildToolsApiClasspath
org.jetbrains.kotlin:kotlin-build-tools-impl:2.3.21=kotlinBuildToolsApiClasspath
org.jetbrains.kotlin:kotlin-compiler-embeddable:2.0.21=detekt,kotlinCompilerClasspath
org.jetbrains.kotlin:kotlin-compiler-embeddable:2.1.0=ktlint,ktlintRuleset
org.jetbrains.kotlin:kotlin-compiler-embeddable:2.3.21=kotlinBuildToolsApiClasspath
org.jetbrains.kotlin:kotlin-compiler-runner:2.3.21=kotlinBuildToolsApiClasspath
org.jetbrains.kotlin:kotlin-daemon-client:2.3.21=kotlinBuildToolsApiClasspath
org.jetbrains.kotlin:kotlin-daemon-embeddable:2.0.21=detekt,kotlinCompilerClasspath
org.jetbrains.kotlin:kotlin-daemon-embeddable:2.1.0=ktlint,ktlintRuleset
org.jetbrains.kotlin:kotlin-daemon-embeddable:2.3.21=kotlinBuildToolsApiClasspath
org.jetbrains.kotlin:kotlin-reflect:1.6.10=kotlinBuildToolsApiClasspath,kotlinCompilerClasspath,ktlint,ktlintRuleset
org.jetbrains.kotlin:kotlin-reflect:2.0.21=detekt
org.jetbrains.kotlin:kotlin-reflect:2.2.10=androidLintTool
org.jetbrains.kotlin:kotlin-script-runtime:2.0.21=detekt,kotlinCompilerClasspath
org.jetbrains.kotlin:kotlin-script-runtime:2.1.0=ktlint,ktlintRuleset
org.jetbrains.kotlin:kotlin-script-runtime:2.3.21=kotlinBuildToolsApiClasspath
org.jetbrains.kotlin:kotlin-stdlib-common:2.0.21=detekt
org.jetbrains.kotlin:kotlin-stdlib-common:2.1.0=ktlintReporter
org.jetbrains.kotlin:kotlin-stdlib-jdk7:1.8.0=detekt,ktlintReporter
org.jetbrains.kotlin:kotlin-stdlib-jdk7:2.2.10=androidLintTool
org.jetbrains.kotlin:kotlin-stdlib-jdk8:1.8.0=detekt,ktlintReporter
org.jetbrains.kotlin:kotlin-stdlib-jdk8:2.2.10=androidLintTool
org.jetbrains.kotlin:kotlin-stdlib:2.0.21=detekt,kotlinCompilerClasspath,releaseUnitTestCompileClasspath,releaseUnitTestRuntimeClasspath
org.jetbrains.kotlin:kotlin-stdlib:2.1.0=ktlint,ktlintReporter,ktlintRuleset
org.jetbrains.kotlin:kotlin-stdlib:2.2.10=androidLintTool
org.jetbrains.kotlin:kotlin-stdlib:2.3.21=debugAndroidTestCompileClasspath,debugAndroidTestRuntimeClasspath,debugCompileClasspath,debugLintChecksClasspath,debugRuntimeClasspath,debugUnitTestCompileClasspath,debugUnitTestRuntimeClasspath,kotlinBuildToolsApiClasspath,releaseCompileClasspath,releaseLintChecksClasspath,releaseRuntimeClasspath
org.jetbrains.kotlin:kotlin-tooling-core:2.3.21=kotlinBuildToolsApiClasspath
org.jetbrains.kotlinx:kotlinx-coroutines-android:1.11.0=debugAndroidTestCompileClasspath,debugAndroidTestRuntimeClasspath,debugCompileClasspath,debugLintChecksClasspath,debugRuntimeClasspath,debugUnitTestCompileClasspath,debugUnitTestRuntimeClasspath,releaseCompileClasspath,releaseLintChecksClasspath,releaseRuntimeClasspath
org.jetbrains.kotlinx:kotlinx-coroutines-android:1.8.1=releaseUnitTestCompileClasspath,releaseUnitTestRuntimeClasspath
org.jetbrains.kotlinx:kotlinx-coroutines-bom:1.11.0=debugAndroidTestCompileClasspath,debugAndroidTestRuntimeClasspath,debugCompileClasspath,debugLintChecksClasspath,debugRuntimeClasspath,debugUnitTestCompileClasspath,debugUnitTestRuntimeClasspath,releaseCompileClasspath,releaseLintChecksClasspath,releaseRuntimeClasspath
org.jetbrains.kotlinx:kotlinx-coroutines-bom:1.8.1=releaseUnitTestCompileClasspath,releaseUnitTestRuntimeClasspath
org.jetbrains.kotlinx:kotlinx-coroutines-bom:1.9.0=androidLintTool
org.jetbrains.kotlinx:kotlinx-coroutines-core-jvm:1.11.0=debugAndroidTestCompileClasspath,debugAndroidTestRuntimeClasspath,debugCompileClasspath,debugLintChecksClasspath,debugRuntimeClasspath,debugUnitTestCompileClasspath,debugUnitTestRuntimeClasspath,releaseCompileClasspath,releaseLintChecksClasspath,releaseRuntimeClasspath
org.jetbrains.kotlinx:kotlinx-coroutines-core-jvm:1.6.4=detekt,kotlinCompilerClasspath,ktlint,ktlintRuleset
org.jetbrains.kotlinx:kotlinx-coroutines-core-jvm:1.8.0=kotlinBuildToolsApiClasspath
org.jetbrains.kotlinx:kotlinx-coroutines-core-jvm:1.8.1=releaseUnitTestCompileClasspath,releaseUnitTestRuntimeClasspath
org.jetbrains.kotlinx:kotlinx-coroutines-core-jvm:1.9.0=androidLintTool
org.jetbrains.kotlinx:kotlinx-coroutines-core:1.11.0=debugAndroidTestCompileClasspath,debugAndroidTestRuntimeClasspath,debugCompileClasspath,debugLintChecksClasspath,debugRuntimeClasspath,debugUnitTestCompileClasspath,debugUnitTestRuntimeClasspath,releaseCompileClasspath,releaseLintChecksClasspath,releaseRuntimeClasspath
org.jetbrains.kotlinx:kotlinx-coroutines-core:1.8.1=releaseUnitTestCompileClasspath,releaseUnitTestRuntimeClasspath
org.jetbrains.kotlinx:kotlinx-coroutines-core:1.9.0=androidLintTool
org.jetbrains.kotlinx:kotlinx-datetime-jvm:0.8.0=debugAndroidTestRuntimeClasspath,debugLintChecksClasspath,debugRuntimeClasspath,debugUnitTestRuntimeClasspath,releaseLintChecksClasspath,releaseRuntimeClasspath
org.jetbrains.kotlinx:kotlinx-datetime:0.8.0=debugAndroidTestRuntimeClasspath,debugLintChecksClasspath,debugRuntimeClasspath,debugUnitTestRuntimeClasspath,releaseLintChecksClasspath,releaseRuntimeClasspath
org.jetbrains.kotlinx:kotlinx-html-jvm:0.8.1=detekt
org.jetbrains.kotlinx:kotlinx-serialization-bom:1.11.0=debugAndroidTestRuntimeClasspath,debugLintChecksClasspath,debugRuntimeClasspath,debugUnitTestRuntimeClasspath,releaseLintChecksClasspath,releaseRuntimeClasspath
org.jetbrains.kotlinx:kotlinx-serialization-core-jvm:1.11.0=debugAndroidTestRuntimeClasspath,debugLintChecksClasspath,debugRuntimeClasspath,debugUnitTestRuntimeClasspath,releaseLintChecksClasspath,releaseRuntimeClasspath
org.jetbrains.kotlinx:kotlinx-serialization-core-jvm:1.4.1=detekt,ktlintReporter
org.jetbrains.kotlinx:kotlinx-serialization-core:1.11.0=debugAndroidTestRuntimeClasspath,debugLintChecksClasspath,debugRuntimeClasspath,debugUnitTestRuntimeClasspath,releaseLintChecksClasspath,releaseRuntimeClasspath
org.jetbrains.kotlinx:kotlinx-serialization-core:1.4.1=detekt,ktlintReporter
org.jetbrains.kotlinx:kotlinx-serialization-json-jvm:1.11.0=debugAndroidTestRuntimeClasspath,debugLintChecksClasspath,debugRuntimeClasspath,debugUnitTestRuntimeClasspath,releaseLintChecksClasspath,releaseRuntimeClasspath
org.jetbrains.kotlinx:kotlinx-serialization-json-jvm:1.4.1=detekt,ktlintReporter
org.jetbrains.kotlinx:kotlinx-serialization-json:1.11.0=debugAndroidTestRuntimeClasspath,debugLintChecksClasspath,debugRuntimeClasspath,debugUnitTestRuntimeClasspath,releaseLintChecksClasspath,releaseRuntimeClasspath
org.jetbrains.kotlinx:kotlinx-serialization-json:1.4.1=detekt,ktlintReporter
org.jetbrains.kotlinx:kover-jvm-agent:0.9.8=koverJvmAgent,koverJvmReporter
org.jetbrains:annotations:13.0=detekt,kotlinBuildToolsApiClasspath,kotlinCompilerClasspath,ktlint,ktlintReporter,ktlintRuleset
org.jetbrains:annotations:23.0.0=androidLintTool,debugAndroidTestCompileClasspath,debugAndroidTestRuntimeClasspath,debugCompileClasspath,debugLintChecksClasspath,debugRuntimeClasspath,debugUnitTestCompileClasspath,debugUnitTestRuntimeClasspath,releaseCompileClasspath,releaseLintChecksClasspath,releaseRuntimeClasspath,releaseUnitTestCompileClasspath,releaseUnitTestRuntimeClasspath
org.jspecify:jspecify:1.0.0=debugAndroidTestCompileClasspath,debugAndroidTestRuntimeClasspath,debugCompileClasspath,debugLintChecksClasspath,debugRuntimeClasspath,debugUnitTestCompileClasspath,debugUnitTestRuntimeClasspath,releaseCompileClasspath,releaseLintChecksClasspath,releaseRuntimeClasspath,releaseUnitTestCompileClasspath,releaseUnitTestRuntimeClasspath
org.jvnet.staxex:stax-ex:1.8.1=androidLintTool
org.ow2.asm:asm-analysis:9.9=androidLintTool
org.ow2.asm:asm-commons:9.9=androidLintTool
org.ow2.asm:asm-tree:9.9=androidLintTool
org.ow2.asm:asm:9.9=androidLintTool
org.slf4j:slf4j-api:2.0.7=ktlint
org.snakeyaml:snakeyaml-engine:2.7=detekt
empty=androidApis,debugAnnotationProcessorClasspath,debugUnitTestAnnotationProcessorClasspath,detektPlugins,kotlinCompilerPluginClasspath,kotlinCompilerPluginClasspathDebug,kotlinCompilerPluginClasspathDebugUnitTest,kotlinCompilerPluginClasspathRelease,kotlinCompilerPluginClasspathReleaseUnitTest,koverExternalArtifacts,lintChecks,lintPublish,releaseAnnotationProcessorClasspath,releaseUnitTestAnnotationProcessorClasspath
